// !$*UTF8*$!
{
	archiveVersion = 1;
	classes = {
	};
	objectVersion = 56;
	objects = {

/* Begin PBXBuildFile section */
		308BE02A2A141FEC0064B827 /* main.cpp in Sources */ = {isa = PBXBuildFile; fileRef = 308BE0292A141FEC0064B827 /* main.cpp */; };
		308BE0402A1421140064B827 /* UniqueWordCounter.cpp in Sources */ = {isa = PBXBuildFile; fileRef = 308BE03C2A1421140064B827 /* UniqueWordCounter.cpp */; };
		308BE0412A1421140064B827 /* ParseTask.cpp in Sources */ = {isa = PBXBuildFile; fileRef = 308BE03D2A1421140064B827 /* ParseTask.cpp */; };
		308BE0422A1421140064B827 /* LoadTask.cpp in Sources */ = {isa = PBXBuildFile; fileRef = 308BE03E2A1421140064B827 /* LoadTask.cpp */; };
		308BE0432A1421140064B827 /* ThreadSafeQueue.cpp in Sources */ = {isa = PBXBuildFile; fileRef = 308BE03F2A1421140064B827 /* ThreadSafeQueue.cpp */; };
/* End PBXBuildFile section */

/* Begin PBXCopyFilesBuildPhase section */
		308BE0242A141FEC0064B827 /* CopyFiles */ = {
			isa = PBXCopyFilesBuildPhase;
			buildActionMask = 2147483647;
			dstPath = /usr/share/man/man1/;
			dstSubfolderSpec = 0;
			files = (
			);
			runOnlyForDeploymentPostprocessing = 1;
		};
/* End PBXCopyFilesBuildPhase section */

/* Begin PBXFileReference section */
		308BE0262A141FEC0064B827 /* MultithreadFileParser */ = {isa = PBXFileReference; explicitFileType = "compiled.mach-o.executable"; includeInIndex = 0; path = MultithreadFileParser; sourceTree = BUILT_PRODUCTS_DIR; };
		308BE0292A141FEC0064B827 /* main.cpp */ = {isa = PBXFileReference; lastKnownFileType = sourcecode.cpp.cpp; path = main.cpp; sourceTree = "<group>"; };
		308BE0372A1421140064B827 /* ParseTask.h */ = {isa = PBXFileReference; fileEncoding = 4; lastKnownFileType = sourcecode.c.h; path = ParseTask.h; sourceTree = "<group>"; };
		308BE0382A1421140064B827 /* LoadTask.h */ = {isa = PBXFileReference; fileEncoding = 4; lastKnownFileType = sourcecode.c.h; path = LoadTask.h; sourceTree = "<group>"; };
		308BE0392A1421140064B827 /* UniqueWordCounter.h */ = {isa = PBXFileReference; fileEncoding = 4; lastKnownFileType = sourcecode.c.h; path = UniqueWordCounter.h; sourceTree = "<group>"; };
		308BE03A2A1421140064B827 /* ThreadSafeQueue.h */ = {isa = PBXFileReference; fileEncoding = 4; lastKnownFileType = sourcecode.c.h; path = ThreadSafeQueue.h; sourceTree = "<group>"; };
		308BE03C2A1421140064B827 /* UniqueWordCounter.cpp */ = {isa = PBXFileReference; fileEncoding = 4; lastKnownFileType = sourcecode.cpp.cpp; path = UniqueWordCounter.cpp; sourceTree = "<group>"; };
		308BE03D2A1421140064B827 /* ParseTask.cpp */ = {isa = PBXFileReference; fileEncoding = 4; lastKnownFileType = sourcecode.cpp.cpp; path = ParseTask.cpp; sourceTree = "<group>"; };
		308BE03E2A1421140064B827 /* LoadTask.cpp */ = {isa = PBXFileReference; fileEncoding = 4; lastKnownFileType = sourcecode.cpp.cpp; path = LoadTask.cpp; sourceTree = "<group>"; };
		308BE03F2A1421140064B827 /* ThreadSafeQueue.cpp */ = {isa = PBXFileReference; fileEncoding = 4; lastKnownFileType = sourcecode.cpp.cpp; path = ThreadSafeQueue.cpp; sourceTree = "<group>"; };
/* End PBXFileReference section */

/* Begin PBXFrameworksBuildPhase section */
		308BE0232A141FEC0064B827 /* Frameworks */ = {
			isa = PBXFrameworksBuildPhase;
			buildActionMask = 2147483647;
			files = (
			);
			runOnlyForDeploymentPostprocessing = 0;
		};
/* End PBXFrameworksBuildPhase section */

/* Begin PBXGroup section */
		308BE01D2A141FEC0064B827 = {
			isa = PBXGroup;
			children = (
				308BE0282A141FEC0064B827 /* MultithreadFileParser */,
				308BE0272A141FEC0064B827 /* Products */,
			);
			sourceTree = "<group>";
		};
		308BE0272A141FEC0064B827 /* Products */ = {
			isa = PBXGroup;
			children = (
				308BE0262A141FEC0064B827 /* MultithreadFileParser */,
			);
			name = Products;
			sourceTree = "<group>";
		};
		308BE0282A141FEC0064B827 /* MultithreadFileParser */ = {
			isa = PBXGroup;
			children = (
				308BE0362A1421140064B827 /* include */,
				308BE03B2A1421140064B827 /* src */,
				308BE0292A141FEC0064B827 /* main.cpp */,
			);
			path = MultithreadFileParser;
			sourceTree = "<group>";
		};
		308BE0362A1421140064B827 /* include */ = {
			isa = PBXGroup;
			children = (
				308BE0372A1421140064B827 /* ParseTask.h */,
				308BE0382A1421140064B827 /* LoadTask.h */,
				308BE0392A1421140064B827 /* UniqueWordCounter.h */,
				308BE03A2A1421140064B827 /* ThreadSafeQueue.h */,
			);
			path = include;
			sourceTree = "<group>";
		};
		308BE03B2A1421140064B827 /* src */ = {
			isa = PBXGroup;
			children = (
				308BE03C2A1421140064B827 /* UniqueWordCounter.cpp */,
				308BE03D2A1421140064B827 /* ParseTask.cpp */,
				308BE03E2A1421140064B827 /* LoadTask.cpp */,
				308BE03F2A1421140064B827 /* ThreadSafeQueue.cpp */,
			);
			path = src;
			sourceTree = "<group>";
		};
/* End PBXGroup section */

/* Begin PBXNativeTarget section */
		308BE0252A141FEC0064B827 /* MultithreadFileParser */ = {
			isa = PBXNativeTarget;
			buildConfigurationList = 308BE02D2A141FEC0064B827 /* Build configuration list for PBXNativeTarget "MultithreadFileParser" */;
			buildPhases = (
				308BE0222A141FEC0064B827 /* Sources */,
				308BE0232A141FEC0064B827 /* Frameworks */,
				308BE0242A141FEC0064B827 /* CopyFiles */,
			);
			buildRules = (
			);
			dependencies = (
			);
			name = MultithreadFileParser;
			productName = MultithreadFileParser;
			productReference = 308BE0262A141FEC0064B827 /* MultithreadFileParser */;
			productType = "com.apple.product-type.tool";
		};
/* End PBXNativeTarget section */

/* Begin PBXProject section */
		308BE01E2A141FEC0064B827 /* Project object */ = {
			isa = PBXProject;
			attributes = {
				BuildIndependentTargetsInParallel = 1;
				LastUpgradeCheck = 1430;
				TargetAttributes = {
					308BE0252A141FEC0064B827 = {
						CreatedOnToolsVersion = 14.3;
					};
				};
			};
			buildConfigurationList = 308BE0212A141FEC0064B827 /* Build configuration list for PBXProject "MultithreadFileParser" */;
			compatibilityVersion = "Xcode 14.0";
			developmentRegion = en;
			hasScannedForEncodings = 0;
			knownRegions = (
				en,
				Base,
			);
			mainGroup = 308BE01D2A141FEC0064B827;
			productRefGroup = 308BE0272A141FEC0064B827 /* Products */;
			projectDirPath = "";
			projectRoot = "";
			targets = (
				308BE0252A141FEC0064B827 /* MultithreadFileParser */,
			);
		};
/* End PBXProject section */

/* Begin PBXSourcesBuildPhase section */
		308BE0222A141FEC0064B827 /* Sources */ = {
			isa = PBXSourcesBuildPhase;
			buildActionMask = 2147483647;
			files = (
				308BE0422A1421140064B827 /* LoadTask.cpp in Sources */,
				308BE0432A1421140064B827 /* ThreadSafeQueue.cpp in Sources */,
				308BE02A2A141FEC0064B827 /* main.cpp in Sources */,
				308BE0412A1421140064B827 /* ParseTask.cpp in Sources */,
				308BE0402A1421140064B827 /* UniqueWordCounter.cpp in Sources */,
			);
			runOnlyForDeploymentPostprocessing = 0;
		};
/* End PBXSourcesBuildPhase section */

/* Begin XCBuildConfiguration section */
		308BE02B2A141FEC0064B827 /* Debug */ = {
			isa = XCBuildConfiguration;
			buildSettings = {
				ALWAYS_SEARCH_USER_PATHS = NO;
				CLANG_ANALYZER_NONNULL = YES;
				CLANG_ANALYZER_NUMBER_OBJECT_CONVERSION = YES_AGGRESSIVE;
				CLANG_CXX_LANGUAGE_STANDARD = "gnu++20";
				CLANG_ENABLE_MODULES = YES;
				CLANG_ENABLE_OBJC_ARC = YES;
				CLANG_ENABLE_OBJC_WEAK = YES;
				CLANG_WARN_BLOCK_CAPTURE_AUTORELEASING = YES;
				CLANG_WARN_BOOL_CONVERSION = YES;
				CLANG_WARN_COMMA = YES;
				CLANG_WARN_CONSTANT_CONVERSION = YES;
				CLANG_WARN_DEPRECATED_OBJC_IMPLEMENTATIONS = YES;
				CLANG_WARN_DIRECT_OBJC_ISA_USAGE = YES_ERROR;
				CLANG_WARN_DOCUMENTATION_COMMENTS = YES;
				CLANG_WARN_EMPTY_BODY = YES;
				CLANG_WARN_ENUM_CONVERSION = YES;
				CLANG_WARN_INFINITE_RECURSION = YES;
				CLANG_WARN_INT_CONVERSION = YES;
				CLANG_WARN_NON_LITERAL_NULL_CONVERSION = YES;
				CLANG_WARN_OBJC_IMPLICIT_RETAIN_SELF = YES;
				CLANG_WARN_OBJC_LITERAL_CONVERSION = YES;
				CLANG_WARN_OBJC_ROOT_CLASS = YES_ERROR;
				CLANG_WARN_QUOTED_INCLUDE_IN_FRAMEWORK_HEADER = YES;
				CLANG_WARN_RANGE_LOOP_ANALYSIS = YES;
				CLANG_WARN_STRICT_PROTOTYPES = YES;
				CLANG_WARN_SUSPICIOUS_MOVE = YES;
				CLANG_WARN_UNGUARDED_AVAILABILITY = YES_AGGRESSIVE;
				CLANG_WARN_UNREACHABLE_CODE = YES;
				CLANG_WARN__DUPLICATE_METHOD_MATCH = YES;
				COPY_PHASE_STRIP = NO;
				DEBUG_INFORMATION_FORMAT = dwarf;
				ENABLE_STRICT_OBJC_MSGSEND = YES;
				ENABLE_TESTABILITY = YES;
				GCC_C_LANGUAGE_STANDARD = gnu11;
				GCC_DYNAMIC_NO_PIC = NO;
				GCC_NO_COMMON_BLOCKS = YES;
				GCC_OPTIMIZATION_LEVEL = 0;
				GCC_PREPROCESSOR_DEFINITIONS = (
					"DEBUG=1",
					"$(inherited)",
				);
				GCC_WARN_64_TO_32_BIT_CONVERSION = YES;
				GCC_WARN_ABOUT_RETURN_TYPE = YES_ERROR;
				GCC_WARN_UNDECLARED_SELECTOR = YES;
				GCC_WARN_UNINITIALIZED_AUTOS = YES_AGGRESSIVE;
				GCC_WARN_UNUSED_FUNCTION = YES;
				GCC_WARN_UNUSED_VARIABLE = YES;
				MACOSX_DEPLOYMENT_TARGET = 13.3;
				MTL_ENABLE_DEBUG_INFO = INCLUDE_SOURCE;
				MTL_FAST_MATH = YES;
				ONLY_ACTIVE_ARCH = YES;
				SDKROOT = macosx;
			};
			name = Debug;
		};
		308BE02C2A141FEC0064B827 /* Release */ = {
			isa = XCBuildConfiguration;
			buildSettings = {
				ALWAYS_SEARCH_USER_PATHS = NO;
				CLANG_ANALYZER_NONNULL = YES;
				CLANG_ANALYZER_NUMBER_OBJECT_CONVERSION = YES_AGGRESSIVE;
				CLANG_CXX_LANGUAGE_STANDARD = "gnu++20";
				CLANG_ENABLE_MODULES = YES;
				CLANG_ENABLE_OBJC_ARC = YES;
				CLANG_ENABLE_OBJC_WEAK = YES;
				CLANG_WARN_BLOCK_CAPTURE_AUTORELEASING = YES;
				CLANG_WARN_BOOL_CONVERSION = YES;
				CLANG_WARN_COMMA = YES;
				CLANG_WARN_CONSTANT_CONVERSION = YES;
				CLANG_WARN_DEPRECATED_OBJC_IMPLEMENTATIONS = YES;
				CLANG_WARN_DIRECT_OBJC_ISA_USAGE = YES_ERROR;
				CLANG_WARN_DOCUMENTATION_COMMENTS = YES;
				CLANG_WARN_EMPTY_BODY = YES;
				CLANG_WARN_ENUM_CONVERSION = YES;
				CLANG_WARN_INFINITE_RECURSION = YES;
				CLANG_WARN_INT_CONVERSION = YES;
				CLANG_WARN_NON_LITERAL_NULL_CONVERSION = YES;
				CLANG_WARN_OBJC_IMPLICIT_RETAIN_SELF = YES;
				CLANG_WARN_OBJC_LITERAL_CONVERSION = YES;
				CLANG_WARN_OBJC_ROOT_CLASS = YES_ERROR;
				CLANG_WARN_QUOTED_INCLUDE_IN_FRAMEWORK_HEADER = YES;
				CLANG_WARN_RANGE_LOOP_ANALYSIS = YES;
				CLANG_WARN_STRICT_PROTOTYPES = YES;
				CLANG_WARN_SUSPICIOUS_MOVE = YES;
				CLANG_WARN_UNGUARDED_AVAILABILITY = YES_AGGRESSIVE;
				CLANG_WARN_UNREACHABLE_CODE = YES;
				CLANG_WARN__DUPLICATE_METHOD_MATCH = YES;
				COPY_PHASE_STRIP = NO;
				DEBUG_INFORMATION_FORMAT = "dwarf-with-dsym";
				ENABLE_NS_ASSERTIONS = NO;
				ENABLE_STRICT_OBJC_MSGSEND = YES;
				GCC_C_LANGUAGE_STANDARD = gnu11;
				GCC_NO_COMMON_BLOCKS = YES;
				GCC_WARN_64_TO_32_BIT_CONVERSION = YES;
				GCC_WARN_ABOUT_RETURN_TYPE = YES_ERROR;
				GCC_WARN_UNDECLARED_SELECTOR = YES;
				GCC_WARN_UNINITIALIZED_AUTOS = YES_AGGRESSIVE;
				GCC_WARN_UNUSED_FUNCTION = YES;
				GCC_WARN_UNUSED_VARIABLE = YES;
				MACOSX_DEPLOYMENT_TARGET = 13.3;
				MTL_ENABLE_DEBUG_INFO = NO;
				MTL_FAST_MATH = YES;
				SDKROOT = macosx;
			};
			name = Release;
		};
		308BE02E2A141FEC0064B827 /* Debug */ = {
			isa = XCBuildConfiguration;
			buildSettings = {
				CODE_SIGN_STYLE = Automatic;
				DEVELOPMENT_TEAM = V7Z6H66J3J;
				ENABLE_HARDENED_RUNTIME = YES;
				PRODUCT_NAME = "$(TARGET_NAME)";
			};
			name = Debug;
		};
		308BE02F2A141FEC0064B827 /* Release */ = {
			isa = XCBuildConfiguration;
			buildSettings = {
				CODE_SIGN_STYLE = Automatic;
				DEVELOPMENT_TEAM = V7Z6H66J3J;
				ENABLE_HARDENED_RUNTIME = YES;
				PRODUCT_NAME = "$(TARGET_NAME)";
			};
			name = Release;
		};
/* End XCBuildConfiguration section */

/* Begin XCConfigurationList section */
		308BE0212A141FEC0064B827 /* Build configuration list for PBXProject "MultithreadFileParser" */ = {
			isa = XCConfigurationList;
			buildConfigurations = (
				308BE02B2A141FEC0064B827 /* Debug */,
				308BE02C2A141FEC0064B827 /* Release */,
			);
			defaultConfigurationIsVisible = 0;
			defaultConfigurationName = Release;
		};
		308BE02D2A141FEC0064B827 /* Build configuration list for PBXNativeTarget "MultithreadFileParser" */ = {
			isa = XCConfigurationList;
			buildConfigurations = (
				308BE02E2A141FEC0064B827 /* Debug */,
				308BE02F2A141FEC0064B827 /* Release */,
			);
			defaultConfigurationIsVisible = 0;
			defaultConfigurationName = Release;
		};
/* End XCConfigurationList section */
	};
	rootObject = 308BE01E2A141FEC0064B827 /* Project object */;
}
